{
  "version": 4,
  "terraform_version": "1.11.0",
  "serial": 5,
  "lineage": "b301dc04-92a7-182b-a839-5929e317a671",
  "outputs": {
    "lambda_arn": {
      "value": "arn:aws:lambda:eu-central-1:000000000042:function:hello-terraform-lambda",
      "type": "string"
    },
    "lambda_name": {
      "value": "hello-terraform-lambda",
      "type": "string"
    }
  },
  "resources": [
    {
      "mode": "data",
      "type": "archive_file",
      "name": "lambda_zip",
      "provider": "provider[\"registry.terraform.io/hashicorp/archive\"]",
      "instances": [
        {
          "schema_version": 0,
          "attributes": {
            "exclude_symlink_directories": null,
            "excludes": null,
            "id": "ed3714615adcf4aec3c4c8bc69311403ba3c025c",
            "output_base64sha256": "C5kHFoBQOHOJufIda0wccEtF5MfAIbZCB/js1zv3DQg=",
            "output_base64sha512": "F3+heL1wQNFMH/nx2S3KTOrEwLbkPjOqKQBiUcYqArzJIKqKr8/BO36V55UawuBkBkRRbjOA8vkApOv8+Dx33g==",
            "output_file_mode": null,
            "output_md5": "b9cb025befa3656b10e3057b178d02cf",
            "output_path": "./lambda.zip",
            "output_sha": "ed3714615adcf4aec3c4c8bc69311403ba3c025c",
            "output_sha256": "0b9907168050387389b9f21d6b4c1c704b45e4c7c021b64207f8ecd73bf70d08",
            "output_sha512": "177fa178bd7040d14c1ff9f1d92dca4ceac4c0b6e43e33aa29006251c62a02bcc920aa8aafcfc13b7e95e7951ac2e0640644516e3380f2f900a4ebfcf83c77de",
            "output_size": 323,
            "source": [],
            "source_content": null,
            "source_content_filename": null,
            "source_dir": "./lambda",
            "source_file": null,
            "type": "zip"
          },
          "sensitive_attributes": []
        }
      ]
    },
    {
      "mode": "managed",
      "type": "aws_iam_role",
      "name": "lambda_role",
      "provider": "provider[\"registry.terraform.io/hashicorp/aws\"]",
      "instances": [
        {
          "schema_version": 0,
          "attributes": {
            "arn": "arn:aws:iam::000000000042:role/hello-lambda-role",
            "assume_role_policy": "{\"Statement\":[{\"Action\":\"sts:AssumeRole\",\"Effect\":\"Allow\",\"Principal\":{\"Service\":\"lambda.amazonaws.com\"}}],\"Version\":\"2012-10-17\"}",
            "create_date": "2026-07-30T22:24:05Z",
            "description": "",
            "force_detach_policies": false,
            "id": "hello-lambda-role",
            "inline_policy": [],
            "managed_policy_arns": [],
            "max_session_duration": 3600,
            "name": "hello-lambda-role",
            "name_prefix": "",
            "path": "/",
            "permissions_boundary": "",
            "tags": null,
            "tags_all": {},
            "unique_id": "AROAQAAAAAAVFG4S44KAE"
          },
          "sensitive_attributes": [],
          "private": "bnVsbA=="
        }
      ]
    },
    {
      "mode": "managed",
      "type": "aws_iam_role_policy_attachment",
      "name": "lambda_logs",
      "provider": "provider[\"registry.terraform.io/hashicorp/aws\"]",
      "instances": [
        {
          "schema_version": 0,
          "attributes": {
            "id": "hello-lambda-role-20260730222405643100000001",
            "policy_arn": "arn:aws:iam::aws:policy/service-role/AWSLambdaBasicExecutionRole",
            "role": "hello-lambda-role"
          },
          "sensitive_attributes": [],
          "private": "bnVsbA==",
          "dependencies": [
            "aws_iam_role.lambda_role"
          ]
        }
      ]
    },
    {
      "mode": "managed",
      "type": "aws_lambda_function",
      "name": "hello",
      "provider": "provider[\"registry.terraform.io/hashicorp/aws\"]",
      "instances": [
        {
          "schema_version": 0,
          "attributes": {
            "architectures": [
              "x86_64"
            ],
            "arn": "arn:aws:lambda:eu-central-1:000000000042:function:hello-terraform-lambda",
            "code_sha256": "C5kHFoBQOHOJufIda0wccEtF5MfAIbZCB/js1zv3DQg=",
            "code_signing_config_arn": "",
            "dead_letter_config": [],
            "description": "",
            "environment": [],
            "ephemeral_storage": [
              {
                "size": 512
              }
            ],
            "file_system_config": [],
            "filename": "./lambda.zip",
            "function_name": "hello-terraform-lambda",
            "handler": "index.handler",
            "id": "hello-terraform-lambda",
            "image_config": [],
            "image_uri": "",
            "invoke_arn": "arn:aws:apigateway:eu-central-1:lambda:path/2015-03-31/functions/arn:aws:lambda:eu-central-1:000000000042:function:hello-terraform-lambda/invocations",
            "kms_key_arn": "",
            "last_modified": "2026-07-30T22:24:06.350279+0000",
            "layers": null,
            "logging_config": [
              {
                "application_log_level": "",
                "log_format": "Text",
                "log_group": "/aws/lambda/hello-terraform-lambda",
                "system_log_level": ""
              }
            ],
            "memory_size": 128,
            "package_type": "Zip",
            "publish": false,
            "qualified_arn": "arn:aws:lambda:eu-central-1:000000000042:function:hello-terraform-lambda:$LATEST",
            "qualified_invoke_arn": "arn:aws:apigateway:eu-central-1:lambda:path/2015-03-31/functions/arn:aws:lambda:eu-central-1:000000000042:function:hello-terraform-lambda:$LATEST/invocations",
            "replace_security_groups_on_destroy": null,
            "replacement_security_group_ids": null,
            "reserved_concurrent_executions": -1,
            "role": "arn:aws:iam::000000000042:role/hello-lambda-role",
            "runtime": "nodejs22.x",
            "s3_bucket": null,
            "s3_key": null,
            "s3_object_version": null,
            "signing_job_arn": "",
            "signing_profile_version_arn": "",
            "skip_destroy": false,
            "snap_start": [],
            "source_code_hash": "C5kHFoBQOHOJufIda0wccEtF5MfAIbZCB/js1zv3DQg=",
            "source_code_size": 323,
            "tags": null,
            "tags_all": {},
            "timeout": 10,
            "timeouts": null,
            "tracing_config": [
              {
                "mode": "PassThrough"
              }
            ],
            "version": "$LATEST",
            "vpc_config": []
          },
          "sensitive_attributes": [],
          "private": "eyJlMmJmYjczMC1lY2FhLTExZTYtOGY4OC0zNDM2M2JjN2M0YzAiOnsiY3JlYXRlIjo2MDAwMDAwMDAwMDAsImRlbGV0ZSI6NjAwMDAwMDAwMDAwLCJ1cGRhdGUiOjYwMDAwMDAwMDAwMH19",
          "dependencies": [
            "aws_iam_role.lambda_role",
            "data.archive_file.lambda_zip"
          ]
        }
      ]
    }
  ],
  "check_results": null
}
